
Microsoft Visual Studio Solution File, Format Version 12.00
# Visual Studio Version 16
VisualStudioVersion = 16.0.31613.86
MinimumVisualStudioVersion = 10.0.40219.1
Project("{FAE04EC0-301F-11D3-BF4B-00C04F79EFBC}") = "lpintaric_zadaca_3", "lpintaric_zadaca_3.csproj", "{DD64EEE7-F1A1-4E1B-98A7-9A1CED2C45C0}"
EndProject
Global
	GlobalSection(SolutionConfigurationPlatforms) = preSolution
		Debug|Any CPU = Debug|Any CPU
		Release|Any CPU = Release|Any CPU
	EndGlobalSection
	GlobalSection(ProjectConfigurationPlatforms) = postSolution
		{DD64EEE7-F1A1-4E1B-98A7-9A1CED2C45C0}.Debug|Any CPU.ActiveCfg = Debug|Any CPU
		{DD64EEE7-F1A1-4E1B-98A7-9A1CED2C45C0}.Debug|Any CPU.Build.0 = Debug|Any CPU
		{DD64EEE7-F1A1-4E1B-98A7-9A1CED2C45C0}.Release|Any CPU.ActiveCfg = Release|Any CPU
		{DD64EEE7-F1A1-4E1B-98A7-9A1CED2C45C0}.Release|Any CPU.Build.0 = Release|Any CPU
	EndGlobalSection
	GlobalSection(SolutionProperties) = preSolution
		HideSolutionNode = FALSE
	EndGlobalSection
	GlobalSection(ExtensibilityGlobals) = postSolution
		SolutionGuid = {61491A05-2BCB-4D4D-859C-31F6F0A122B0}
	EndGlobalSection
EndGlobal
